
Microsoft Visual Studio Solution File, Format Version 12.00
# Visual Studio Version 17
VisualStudioVersion = 17.4.33213.308
MinimumVisualStudioVersion = 10.0.40219.1
Project("{FAE04EC0-301F-11D3-BF4B-00C04F79EFBC}") = "Sapper", "Sapper.csproj", "{726FF640-9F1F-41BA-B827-052AF63AFFC8}"
EndProject
Global
	GlobalSection(SolutionConfigurationPlatforms) = preSolution
		Debug|Any CPU = Debug|Any CPU
		Release|Any CPU = Release|Any CPU
	EndGlobalSection
	GlobalSection(ProjectConfigurationPlatforms) = postSolution
		{726FF640-9F1F-41BA-B827-052AF63AFFC8}.Debug|Any CPU.ActiveCfg = Debug|Any CPU
		{726FF640-9F1F-41BA-B827-052AF63AFFC8}.Debug|Any CPU.Build.0 = Debug|Any CPU
		{726FF640-9F1F-41BA-B827-052AF63AFFC8}.Release|Any CPU.ActiveCfg = Release|Any CPU
		{726FF640-9F1F-41BA-B827-052AF63AFFC8}.Release|Any CPU.Build.0 = Release|Any CPU
	EndGlobalSection
	GlobalSection(SolutionProperties) = preSolution
		HideSolutionNode = FALSE
	EndGlobalSection
	GlobalSection(ExtensibilityGlobals) = postSolution
		SolutionGuid = {7AF05C41-7593-48D4-8834-9A6F5CAB5EB3}
	EndGlobalSection
EndGlobal
